
Microsoft Visual Studio Solution File, Format Version 12.00
# Visual Studio Version 17
VisualStudioVersion = 17.6.33712.159
MinimumVisualStudioVersion = 10.0.40219.1
Project("{FAE04EC0-301F-11D3-BF4B-00C04F79EFBC}") = "SlotMachine", "SlotMachine\SlotMachine.csproj", "{9792F53C-B457-4888-9EAD-3A64D8B332C5}"
EndProject
Global
	GlobalSection(SolutionConfigurationPlatforms) = preSolution
		Debug|Any CPU = Debug|Any CPU
		Release|Any CPU = Release|Any CPU
	EndGlobalSection
	GlobalSection(ProjectConfigurationPlatforms) = postSolution
		{9792F53C-B457-4888-9EAD-3A64D8B332C5}.Debug|Any CPU.ActiveCfg = Debug|Any CPU
		{9792F53C-B457-4888-9EAD-3A64D8B332C5}.Debug|Any CPU.Build.0 = Debug|Any CPU
		{9792F53C-B457-4888-9EAD-3A64D8B332C5}.Release|Any CPU.ActiveCfg = Release|Any CPU
		{9792F53C-B457-4888-9EAD-3A64D8B332C5}.Release|Any CPU.Build.0 = Release|Any CPU
	EndGlobalSection
	GlobalSection(SolutionProperties) = preSolution
		HideSolutionNode = FALSE
	EndGlobalSection
	GlobalSection(ExtensibilityGlobals) = postSolution
		SolutionGuid = {101E4962-BCFA-46FA-B371-84B3070FB610}
	EndGlobalSection
EndGlobal
